
Microsoft Visual Studio Solution File, Format Version 12.00
# Visual Studio Version 17
VisualStudioVersion = 17.6.33815.320
MinimumVisualStudioVersion = 10.0.40219.1
Project("{FAE04EC0-301F-11D3-BF4B-00C04F79EFBC}") = "CorsaCavalliAsync", "CorsaCavalliAsync.csproj", "{8E863C80-3F74-45D4-8406-872EF505E6F6}"
EndProject
Global
	GlobalSection(SolutionConfigurationPlatforms) = preSolution
		Debug|Any CPU = Debug|Any CPU
		Release|Any CPU = Release|Any CPU
	EndGlobalSection
	GlobalSection(ProjectConfigurationPlatforms) = postSolution
		{8E863C80-3F74-45D4-8406-872EF505E6F6}.Debug|Any CPU.ActiveCfg = Debug|Any CPU
		{8E863C80-3F74-45D4-8406-872EF505E6F6}.Debug|Any CPU.Build.0 = Debug|Any CPU
		{8E863C80-3F74-45D4-8406-872EF505E6F6}.Release|Any CPU.ActiveCfg = Release|Any CPU
		{8E863C80-3F74-45D4-8406-872EF505E6F6}.Release|Any CPU.Build.0 = Release|Any CPU
	EndGlobalSection
	GlobalSection(SolutionProperties) = preSolution
		HideSolutionNode = FALSE
	EndGlobalSection
	GlobalSection(ExtensibilityGlobals) = postSolution
		SolutionGuid = {23B201A9-53EB-435E-AB78-DD8ED173D000}
	EndGlobalSection
EndGlobal
