
Microsoft Visual Studio Solution File, Format Version 12.00
# Visual Studio Version 17
VisualStudioVersion = 17.6.33723.286
MinimumVisualStudioVersion = 10.0.40219.1
Project("{FAE04EC0-301F-11D3-BF4B-00C04F79EFBC}") = "CodiceFiscaleDaSolo", "CodiceFiscaleDaSolo.csproj", "{7D5C8526-315E-4ABB-AEF0-BC5418C7093B}"
EndProject
Global
	GlobalSection(SolutionConfigurationPlatforms) = preSolution
		Debug|Any CPU = Debug|Any CPU
		Release|Any CPU = Release|Any CPU
	EndGlobalSection
	GlobalSection(ProjectConfigurationPlatforms) = postSolution
		{7D5C8526-315E-4ABB-AEF0-BC5418C7093B}.Debug|Any CPU.ActiveCfg = Debug|Any CPU
		{7D5C8526-315E-4ABB-AEF0-BC5418C7093B}.Debug|Any CPU.Build.0 = Debug|Any CPU
		{7D5C8526-315E-4ABB-AEF0-BC5418C7093B}.Release|Any CPU.ActiveCfg = Release|Any CPU
		{7D5C8526-315E-4ABB-AEF0-BC5418C7093B}.Release|Any CPU.Build.0 = Release|Any CPU
	EndGlobalSection
	GlobalSection(SolutionProperties) = preSolution
		HideSolutionNode = FALSE
	EndGlobalSection
	GlobalSection(ExtensibilityGlobals) = postSolution
		SolutionGuid = {473A7DFE-AAB3-4BB5-B583-809254762BBC}
	EndGlobalSection
EndGlobal
