
Microsoft Visual Studio Solution File, Format Version 12.00
# Visual Studio Version 17
VisualStudioVersion = 17.6.33829.357
MinimumVisualStudioVersion = 10.0.40219.1
Project("{FAE04EC0-301F-11D3-BF4B-00C04F79EFBC}") = "WebConcessionaria", "WebConcessionaria\WebConcessionaria.csproj", "{EE6339FB-8068-48FE-A640-FCCC56A40EFE}"
EndProject
Global
	GlobalSection(SolutionConfigurationPlatforms) = preSolution
		Debug|Any CPU = Debug|Any CPU
		Release|Any CPU = Release|Any CPU
	EndGlobalSection
	GlobalSection(ProjectConfigurationPlatforms) = postSolution
		{EE6339FB-8068-48FE-A640-FCCC56A40EFE}.Debug|Any CPU.ActiveCfg = Debug|Any CPU
		{EE6339FB-8068-48FE-A640-FCCC56A40EFE}.Debug|Any CPU.Build.0 = Debug|Any CPU
		{EE6339FB-8068-48FE-A640-FCCC56A40EFE}.Release|Any CPU.ActiveCfg = Release|Any CPU
		{EE6339FB-8068-48FE-A640-FCCC56A40EFE}.Release|Any CPU.Build.0 = Release|Any CPU
	EndGlobalSection
	GlobalSection(SolutionProperties) = preSolution
		HideSolutionNode = FALSE
	EndGlobalSection
	GlobalSection(ExtensibilityGlobals) = postSolution
		SolutionGuid = {B25D7A5B-A69A-485A-A658-A34F22B912B2}
	EndGlobalSection
EndGlobal
