
Microsoft Visual Studio Solution File, Format Version 12.00
# Visual Studio Version 17
VisualStudioVersion = 17.6.33815.320
MinimumVisualStudioVersion = 10.0.40219.1
Project("{FAE04EC0-301F-11D3-BF4B-00C04F79EFBC}") = "AutomobileDecorator", "AutomobileDecorator.csproj", "{A14D3D4F-89AE-4123-B34E-9D383D448E24}"
EndProject
Global
	GlobalSection(SolutionConfigurationPlatforms) = preSolution
		Debug|Any CPU = Debug|Any CPU
		Release|Any CPU = Release|Any CPU
	EndGlobalSection
	GlobalSection(ProjectConfigurationPlatforms) = postSolution
		{A14D3D4F-89AE-4123-B34E-9D383D448E24}.Debug|Any CPU.ActiveCfg = Debug|Any CPU
		{A14D3D4F-89AE-4123-B34E-9D383D448E24}.Debug|Any CPU.Build.0 = Debug|Any CPU
		{A14D3D4F-89AE-4123-B34E-9D383D448E24}.Release|Any CPU.ActiveCfg = Release|Any CPU
		{A14D3D4F-89AE-4123-B34E-9D383D448E24}.Release|Any CPU.Build.0 = Release|Any CPU
	EndGlobalSection
	GlobalSection(SolutionProperties) = preSolution
		HideSolutionNode = FALSE
	EndGlobalSection
	GlobalSection(ExtensibilityGlobals) = postSolution
		SolutionGuid = {BF342AEF-94B8-4DC3-BA4F-45A64ABEE01E}
	EndGlobalSection
EndGlobal
