
Microsoft Visual Studio Solution File, Format Version 12.00
# Visual Studio Version 17
VisualStudioVersion = 17.6.33815.320
MinimumVisualStudioVersion = 10.0.40219.1
Project("{FAE04EC0-301F-11D3-BF4B-00C04F79EFBC}") = "Conto Bancario con scambi", "Conto Bancario con scambi.csproj", "{BACE3B85-7277-4A05-BD1C-B11C20F79111}"
EndProject
Global
	GlobalSection(SolutionConfigurationPlatforms) = preSolution
		Debug|Any CPU = Debug|Any CPU
		Release|Any CPU = Release|Any CPU
	EndGlobalSection
	GlobalSection(ProjectConfigurationPlatforms) = postSolution
		{BACE3B85-7277-4A05-BD1C-B11C20F79111}.Debug|Any CPU.ActiveCfg = Debug|Any CPU
		{BACE3B85-7277-4A05-BD1C-B11C20F79111}.Debug|Any CPU.Build.0 = Debug|Any CPU
		{BACE3B85-7277-4A05-BD1C-B11C20F79111}.Release|Any CPU.ActiveCfg = Release|Any CPU
		{BACE3B85-7277-4A05-BD1C-B11C20F79111}.Release|Any CPU.Build.0 = Release|Any CPU
	EndGlobalSection
	GlobalSection(SolutionProperties) = preSolution
		HideSolutionNode = FALSE
	EndGlobalSection
	GlobalSection(ExtensibilityGlobals) = postSolution
		SolutionGuid = {9042145C-BE43-4A87-A422-D447F041B897}
	EndGlobalSection
EndGlobal
