
Microsoft Visual Studio Solution File, Format Version 12.00
# Visual Studio Version 17
VisualStudioVersion = 17.6.33815.320
MinimumVisualStudioVersion = 10.0.40219.1
Project("{FAE04EC0-301F-11D3-BF4B-00C04F79EFBC}") = "VeicoliFactory", "VeicoliFactory.csproj", "{A12C1D4A-E6D8-42A6-9CCA-3D87EFA2C403}"
EndProject
Global
	GlobalSection(SolutionConfigurationPlatforms) = preSolution
		Debug|Any CPU = Debug|Any CPU
		Release|Any CPU = Release|Any CPU
	EndGlobalSection
	GlobalSection(ProjectConfigurationPlatforms) = postSolution
		{A12C1D4A-E6D8-42A6-9CCA-3D87EFA2C403}.Debug|Any CPU.ActiveCfg = Debug|Any CPU
		{A12C1D4A-E6D8-42A6-9CCA-3D87EFA2C403}.Debug|Any CPU.Build.0 = Debug|Any CPU
		{A12C1D4A-E6D8-42A6-9CCA-3D87EFA2C403}.Release|Any CPU.ActiveCfg = Release|Any CPU
		{A12C1D4A-E6D8-42A6-9CCA-3D87EFA2C403}.Release|Any CPU.Build.0 = Release|Any CPU
	EndGlobalSection
	GlobalSection(SolutionProperties) = preSolution
		HideSolutionNode = FALSE
	EndGlobalSection
	GlobalSection(ExtensibilityGlobals) = postSolution
		SolutionGuid = {AE54071A-CC60-455D-8A23-61A0A12881CF}
	EndGlobalSection
EndGlobal
