
Microsoft Visual Studio Solution File, Format Version 12.00
# Visual Studio Version 17
VisualStudioVersion = 17.6.33815.320
MinimumVisualStudioVersion = 10.0.40219.1
Project("{FAE04EC0-301F-11D3-BF4B-00C04F79EFBC}") = "ProdottiMusicaliEF", "ProdottiMusicaliEF.csproj", "{0E655230-23E3-4C78-94FE-A99190D56D6F}"
EndProject
Global
	GlobalSection(SolutionConfigurationPlatforms) = preSolution
		Debug|Any CPU = Debug|Any CPU
		Release|Any CPU = Release|Any CPU
	EndGlobalSection
	GlobalSection(ProjectConfigurationPlatforms) = postSolution
		{0E655230-23E3-4C78-94FE-A99190D56D6F}.Debug|Any CPU.ActiveCfg = Debug|Any CPU
		{0E655230-23E3-4C78-94FE-A99190D56D6F}.Debug|Any CPU.Build.0 = Debug|Any CPU
		{0E655230-23E3-4C78-94FE-A99190D56D6F}.Release|Any CPU.ActiveCfg = Release|Any CPU
		{0E655230-23E3-4C78-94FE-A99190D56D6F}.Release|Any CPU.Build.0 = Release|Any CPU
	EndGlobalSection
	GlobalSection(SolutionProperties) = preSolution
		HideSolutionNode = FALSE
	EndGlobalSection
	GlobalSection(ExtensibilityGlobals) = postSolution
		SolutionGuid = {53DF332A-36CF-4355-8704-198762FF0F80}
	EndGlobalSection
EndGlobal
